
Microsoft Visual Studio Solution File, Format Version 12.00
# Visual Studio Version 16
VisualStudioVersion = 16.0.28803.202
MinimumVisualStudioVersion = 10.0.40219.1
Project("{9A19103F-16F7-4668-BE54-9A1E7A4F7556}") = "WordGame", "WordGame\WordGame.csproj", "{F632ADCB-0FB5-4B80-A5B1-4679829D6D8A}"
EndProject
Project("{9A19103F-16F7-4668-BE54-9A1E7A4F7556}") = "Coldsteel", "Coldsteel\Coldsteel.csproj", "{9101696E-EC13-446A-9EF8-866F828DA409}"
EndProject
Project("{9A19103F-16F7-4668-BE54-9A1E7A4F7556}") = "Wordgeon", "Wordgeon\Wordgeon.csproj", "{40A703A3-20E5-423C-90BA-70E993DE53E2}"
EndProject
Project("{FAE04EC0-301F-11D3-BF4B-00C04F79EFBC}") = "Wordgeon.DesktopGL", "Wordgeon.DesktopGL\Wordgeon.DesktopGL.csproj", "{38F08420-6C25-4B2F-949B-CB3D3A724114}"
EndProject
Global
	GlobalSection(SolutionConfigurationPlatforms) = preSolution
		Debug|Any CPU = Debug|Any CPU
		Release|Any CPU = Release|Any CPU
	EndGlobalSection
	GlobalSection(ProjectConfigurationPlatforms) = postSolution
		{F632ADCB-0FB5-4B80-A5B1-4679829D6D8A}.Debug|Any CPU.ActiveCfg = Debug|Any CPU
		{F632ADCB-0FB5-4B80-A5B1-4679829D6D8A}.Debug|Any CPU.Build.0 = Debug|Any CPU
		{F632ADCB-0FB5-4B80-A5B1-4679829D6D8A}.Release|Any CPU.ActiveCfg = Release|Any CPU
		{F632ADCB-0FB5-4B80-A5B1-4679829D6D8A}.Release|Any CPU.Build.0 = Release|Any CPU
		{9101696E-EC13-446A-9EF8-866F828DA409}.Debug|Any CPU.ActiveCfg = Debug|Any CPU
		{9101696E-EC13-446A-9EF8-866F828DA409}.Debug|Any CPU.Build.0 = Debug|Any CPU
		{9101696E-EC13-446A-9EF8-866F828DA409}.Release|Any CPU.ActiveCfg = Release|Any CPU
		{9101696E-EC13-446A-9EF8-866F828DA409}.Release|Any CPU.Build.0 = Release|Any CPU
		{40A703A3-20E5-423C-90BA-70E993DE53E2}.Debug|Any CPU.ActiveCfg = Debug|Any CPU
		{40A703A3-20E5-423C-90BA-70E993DE53E2}.Debug|Any CPU.Build.0 = Debug|Any CPU
		{40A703A3-20E5-423C-90BA-70E993DE53E2}.Release|Any CPU.ActiveCfg = Release|Any CPU
		{40A703A3-20E5-423C-90BA-70E993DE53E2}.Release|Any CPU.Build.0 = Release|Any CPU
		{38F08420-6C25-4B2F-949B-CB3D3A724114}.Debug|Any CPU.ActiveCfg = Debug|Any CPU
		{38F08420-6C25-4B2F-949B-CB3D3A724114}.Debug|Any CPU.Build.0 = Debug|Any CPU
		{38F08420-6C25-4B2F-949B-CB3D3A724114}.Release|Any CPU.ActiveCfg = Release|Any CPU
		{38F08420-6C25-4B2F-949B-CB3D3A724114}.Release|Any CPU.Build.0 = Release|Any CPU
	EndGlobalSection
	GlobalSection(SolutionProperties) = preSolution
		HideSolutionNode = FALSE
	EndGlobalSection
	GlobalSection(ExtensibilityGlobals) = postSolution
		SolutionGuid = {EB8E33ED-600F-45FD-BE49-950CFB04A59D}
	EndGlobalSection
EndGlobal
